
Microsoft Visual Studio Solution File, Format Version 12.00
# Visual Studio Version 17
VisualStudioVersion = 17.10.35013.160
MinimumVisualStudioVersion = 10.0.40219.1
Project("{FAE04EC0-301F-11D3-BF4B-00C04F79EFBC}") = "SimpleConsoleATM", "SimpleConsoleATM\SimpleConsoleATM.csproj", "{77D7920B-04C2-4D75-B22C-2680F59D3F53}"
EndProject
Project("{2150E333-8FDC-42A3-9474-1A3956D46DE8}") = "src", "src", "{78BF4BC3-06D2-4B63-8B46-2445E40C53C3}"
EndProject
Global
	GlobalSection(SolutionConfigurationPlatforms) = preSolution
		Debug|Any CPU = Debug|Any CPU
		Release|Any CPU = Release|Any CPU
	EndGlobalSection
	GlobalSection(ProjectConfigurationPlatforms) = postSolution
		{77D7920B-04C2-4D75-B22C-2680F59D3F53}.Debug|Any CPU.ActiveCfg = Debug|Any CPU
		{77D7920B-04C2-4D75-B22C-2680F59D3F53}.Debug|Any CPU.Build.0 = Debug|Any CPU
		{77D7920B-04C2-4D75-B22C-2680F59D3F53}.Release|Any CPU.ActiveCfg = Release|Any CPU
		{77D7920B-04C2-4D75-B22C-2680F59D3F53}.Release|Any CPU.Build.0 = Release|Any CPU
	EndGlobalSection
	GlobalSection(SolutionProperties) = preSolution
		HideSolutionNode = FALSE
	EndGlobalSection
	GlobalSection(NestedProjects) = preSolution
		{77D7920B-04C2-4D75-B22C-2680F59D3F53} = {78BF4BC3-06D2-4B63-8B46-2445E40C53C3}
	EndGlobalSection
	GlobalSection(ExtensibilityGlobals) = postSolution
		SolutionGuid = {5CD9FCF0-A8B6-496B-A0B5-552101E811A1}
	EndGlobalSection
EndGlobal
